
Microsoft Visual Studio Solution File, Format Version 12.00
# Visual Studio Version 17
VisualStudioVersion = 17.14.36327.8 d17.14
MinimumVisualStudioVersion = 10.0.40219.1
Project("{FAE04EC0-301F-11D3-BF4B-00C04F79EFBC}") = "MechanicalWebAPI", "MechanicalWebAPI\MechanicalWebAPI.csproj", "{665C6B89-DF3B-497D-B6A9-0AC211D31D85}"
EndProject
Global
	GlobalSection(SolutionConfigurationPlatforms) = preSolution
		Debug|Any CPU = Debug|Any CPU
		Release|Any CPU = Release|Any CPU
	EndGlobalSection
	GlobalSection(ProjectConfigurationPlatforms) = postSolution
		{665C6B89-DF3B-497D-B6A9-0AC211D31D85}.Debug|Any CPU.ActiveCfg = Debug|Any CPU
		{665C6B89-DF3B-497D-B6A9-0AC211D31D85}.Debug|Any CPU.Build.0 = Debug|Any CPU
		{665C6B89-DF3B-497D-B6A9-0AC211D31D85}.Release|Any CPU.ActiveCfg = Release|Any CPU
		{665C6B89-DF3B-497D-B6A9-0AC211D31D85}.Release|Any CPU.Build.0 = Release|Any CPU
	EndGlobalSection
	GlobalSection(SolutionProperties) = preSolution
		HideSolutionNode = FALSE
	EndGlobalSection
	GlobalSection(ExtensibilityGlobals) = postSolution
		SolutionGuid = {C2C5F9F2-B752-45A0-B9EA-1909BAB535B3}
	EndGlobalSection
EndGlobal
